Microsoft Visual Studio Solution File, Format Version 11.00
# Visual Studio 2008

Project("{F1342DD6-8529-FD02-1BE2-F13F3EC18A8B}") = "SoulSavior", "Assembly-CSharp.csproj", "{1FBA247A-7437-4ACD-D792-7EA798E84B69}"
EndProject
Global
	GlobalSection(SolutionConfigurationPlatforms) = preSolution
		Debug|Any CPU = Debug|Any CPU
		Release|Any CPU = Release|Any CPU
	EndGlobalSection
	GlobalSection(ProjectConfigurationPlatforms) = postSolution
		{1FBA247A-7437-4ACD-D792-7EA798E84B69}.Debug|Any CPU.ActiveCfg = Debug|Any CPU
		{1FBA247A-7437-4ACD-D792-7EA798E84B69}.Debug|Any CPU.Build.0 = Debug|Any CPU
		{1FBA247A-7437-4ACD-D792-7EA798E84B69}.Release|Any CPU.ActiveCfg = Release|Any CPU
		{1FBA247A-7437-4ACD-D792-7EA798E84B69}.Release|Any CPU.Build.0 = Release|Any CPU
	EndGlobalSection
	GlobalSection(SolutionProperties) = preSolution
		HideSolutionNode = FALSE
	EndGlobalSection
									GlobalSection(MonoDevelopProperties) = preSolution
=======
									GlobalSection(MonoDevelopProperties) = preSolution
>>>>>>> 901d3a402084af8ad20b02aaaefb790677122e81
=======
	GlobalSection(MonoDevelopProperties) = preSolution
>>>>>>> 6405e5bbe909c1c639bb1f576175c0fa3fc0e731
		StartupItem = Assembly-CSharp.csproj
		Policies = $0
		$0.TextStylePolicy = $1
		$1.inheritsSet = null
		$1.scope = text/x-csharp
		$0.CSharpFormattingPolicy = $2
		$2.inheritsSet = Mono
		$2.inheritsScope = text/x-csharp
		$2.scope = text/x-csharp
		$0.TextStylePolicy = $3
		$3.FileWidth = 120
		$3.TabWidth = 4
		$3.IndentWidth = 4
		$3.EolMarker = Unix
		$3.inheritsSet = Mono
		$3.inheritsScope = text/plain
		$3.scope = text/plain
	EndGlobalSection

EndGlobal
